# THIS IS AN AUTOGENERATED FILE. DO NOT EDIT THIS FILE DIRECTLY.
# yarn lockfile v1


"@oxfmt/binding-android-arm-eabi@0.67.0":
  version "0.67.0"
  resolved "https://registry.yarnpkg.com/@oxfmt/binding-android-arm-eabi/-/binding-android-arm-eabi-0.67.0.tgz#82f97e752c3c7caf4c81b93295d32fee0f141254"
  integrity sha512-2olh3ioEmc4gRzQm7jxyB1b/PFBoFvTq8KdgYySeNpysDtA6DEg2Mvya4/I6flhL7G0eOrE8RD7JCNCIMhE16Q==

"@oxfmt/binding-android-arm64@0.67.0":
  version "0.67.0"
  resolved "https://registry.yarnpkg.com/@oxfmt/binding-android-arm64/-/binding-android-arm64-0.67.0.tgz#d5be5bcfb6fb5a278cc4c9e82581e45c48898697"
  integrity sha512-ulfw8EHN1MBq/MFFDXw2/M1VAFu5mRUcnuZ8Hqbv9viAnFzO9t1jKSAsDqKYYDGMlytF/uj6Z5z5n/tHupnKhw==

"@oxfmt/binding-darwin-arm64@0.67.0":
  version "0.67.0"
  resolved "https://registry.yarnpkg.com/@oxfmt/binding-darwin-arm64/-/binding-darwin-arm64-0.67.0.tgz#d84ea41c2dfcb16a534cf37dd6ecbfacc9387283"
  integrity sha512-MfONZx/O2o9M5v2jDFol556G9+A+P9xCuJ4DZ+qhE+RnaCdoscy6Eu5nq1dbuNxhwdJyZ6kLI7fnG9mwEeOeGg==

"@oxfmt/binding-darwin-x64@0.67.0":
  version "0.67.0"
  resolved "https://registry.yarnpkg.com/@oxfmt/binding-darwin-x64/-/binding-darwin-x64-0.67.0.tgz#66b9631a47273100be9c0dc1cf5fd8179c386526"
  integrity sha512-CYnIx5LvFVJnyJcCqwH2jxMKjFjqo5678MPjdmNFoSGMhlOvZ/xRZqvhDcolKrXc8fezW3AKh+C4wyoFuWOSSg==

"@oxfmt/binding-freebsd-x64@0.67.0":
  version "0.67.0"
  resolved "https://registry.yarnpkg.com/@oxfmt/binding-freebsd-x64/-/binding-freebsd-x64-0.67.0.tgz#f7d808ae077ee978b1e1a8c1bbd29959ca6323cf"
  integrity sha512-7/iF1orvIS9mxhKUqnmtMgm+OrSQ5acPwuvdQrm6ECgqbwPmC+Pw9cdke3sNfVN6pT2hbJ58+jP8BCThl5HXOg==

"@oxfmt/binding-linux-arm-gnueabihf@0.67.0":
  version "0.67.0"
  resolved "https://registry.yarnpkg.com/@oxfmt/binding-linux-arm-gnueabihf/-/binding-linux-arm-gnueabihf-0.67.0.tgz#6915ef0b04d6307407911253cc5fc46817f1cab9"
  integrity sha512-yy+OGys07IZOpOmYPZoObKyUQLkfxeQqeCypk+1jaZd8HGo77hzvU1Jg8X3+W75o+9lszOjBfg0nkGtlwYywXw==

"@oxfmt/binding-linux-arm-musleabihf@0.67.0":
  version "0.67.0"
  resolved "https://registry.yarnpkg.com/@oxfmt/binding-linux-arm-musleabihf/-/binding-linux-arm-musleabihf-0.67.0.tgz#1b23232166704ecf03d84335026a6f533c6a6728"
  integrity sha512-wPIeeigXgJpwNw3wydYRt3U9iN9Y/ejpOZuYL9IA7igxWs7LIQMOkhKxTumRvy6dIv0iXKk3RTw3Vmjg0i+2sg==

"@oxfmt/binding-linux-arm64-gnu@0.67.0":
  version "0.67.0"
  resolved "https://registry.yarnpkg.com/@oxfmt/binding-linux-arm64-gnu/-/binding-linux-arm64-gnu-0.67.0.tgz#da08eb653a6545aea4b1ce58fbd2c05ce451bbe5"
  integrity sha512-0+XNxcdbkTfxdcD4qW6Ci9n+mBNJ8xTBumnxKvKBmRFOdx0Wf8/KiHjCJayooXmYkqRpRVd98Q5egvzx5BLSgQ==

"@oxfmt/binding-linux-arm64-musl@0.67.0":
  version "0.67.0"
  resolved "https://registry.yarnpkg.com/@oxfmt/binding-linux-arm64-musl/-/binding-linux-arm64-musl-0.67.0.tgz#55e89d67ef573d6c9ae76fbcd7833a3f980d5227"
  integrity sha512-I75LKPJyNOYUzkqAiAMIE31+Ye7xtQXZdoty1IXn4B+bw5Zpmez5wfG19ejGpNnS/BzQ7LFS+7jxuTPb+vHiZw==

"@oxfmt/binding-linux-ppc64-gnu@0.67.0":
  version "0.67.0"
  resolved "https://registry.yarnpkg.com/@oxfmt/binding-linux-ppc64-gnu/-/binding-linux-ppc64-gnu-0.67.0.tgz#7f58c2a77428d1c0c6da58b0e35b5731b917a7e1"
  integrity sha512-c2M5iRpe1QMZSRE/UvZoPdXBWb5Ic/ycvOyNiKCqPwQ/OyOKIMiJs02ynlNnjb7ZZJnRXYLmGcohoINOcwDK3w==

"@oxfmt/binding-linux-riscv64-gnu@0.67.0":
  version "0.67.0"
  resolved "https://registry.yarnpkg.com/@oxfmt/binding-linux-riscv64-gnu/-/binding-linux-riscv64-gnu-0.67.0.tgz#846a204aa0cfa23bfd359c2e90af2de42c7469b9"
  integrity sha512-dQzzYlV24Udhfm5ECuSdgqRvFJU/CGHzcYYEO3dLM6W6+CHiBFrq9OjIllkdCcPhsoSQ8o223Dja84MOSzed9A==

"@oxfmt/binding-linux-riscv64-musl@0.67.0":
  version "0.67.0"
  resolved "https://registry.yarnpkg.com/@oxfmt/binding-linux-riscv64-musl/-/binding-linux-riscv64-musl-0.67.0.tgz#0faf4b45786e378f3eef54f2ada4e59fbfc3c446"
  integrity sha512-rFNq1CgX4qMJANOq42LkAs90JE80GpiaEohAV2qn/gT2hGjQTW1zBO5zQBxArI4926pM1OSzo3CN0tBszGBIaA==

"@oxfmt/binding-linux-s390x-gnu@0.67.0":
  version "0.67.0"
  resolved "https://registry.yarnpkg.com/@oxfmt/binding-linux-s390x-gnu/-/binding-linux-s390x-gnu-0.67.0.tgz#3925e7cdc58091f01389bbd3936d95b1d57af44f"
  integrity sha512-Sky6rEdz2o5IGq01lPhS12yEvDdChVEcaYrcLHkveh4Fx0qPjljE/Iul6SX/bRMl6lNc8J7J/mDQdzgBdA++Pg==

"@oxfmt/binding-linux-x64-gnu@0.67.0":
  version "0.67.0"
  resolved "https://registry.yarnpkg.com/@oxfmt/binding-linux-x64-gnu/-/binding-linux-x64-gnu-0.67.0.tgz#9141a7f19493e8176b99ddff61d9c5f688ff0146"
  integrity sha512-vPXmlNORV8AZq2Ocxh07pxwMjfENUWCV/eZArnao0qC3NO/hDeTVkQvee7SJJUbIiF5PZbBa4kYmaXnu7Rk58w==

"@oxfmt/binding-linux-x64-musl@0.67.0":
  version "0.67.0"
  resolved "https://registry.yarnpkg.com/@oxfmt/binding-linux-x64-musl/-/binding-linux-x64-musl-0.67.0.tgz#98f18876554c7c9f9c7fc9b4ca90aade9af24b81"
  integrity sha512-x/WAtFqYtVr3vZ9ni8nr4kn9whSitg8fOljq/pZzBpxopRdY1BMLZCZkrbIbaBcYkm46qGbqVea2FCWmtQ2P9w==

"@oxfmt/binding-openharmony-arm64@0.67.0":
  version "0.67.0"
  resolved "https://registry.yarnpkg.com/@oxfmt/binding-openharmony-arm64/-/binding-openharmony-arm64-0.67.0.tgz#28bab9c86ebbb83e401f02e8e9e940723bce30e3"
  integrity sha512-eRw9Neh4/aA6i+q/R3WU1gGQINhVM0J4fXIm6t27caOamkr/37uAkp1IdBx4zlJH97hmXR63z/q9n5c5dN7MzA==

"@oxfmt/binding-win32-arm64-msvc@0.67.0":
  version "0.67.0"
  resolved "https://registry.yarnpkg.com/@oxfmt/binding-win32-arm64-msvc/-/binding-win32-arm64-msvc-0.67.0.tgz#a3b455df946929202640b0dd73fcfb3df4d0a394"
  integrity sha512-YIMvb+sGNYN2uc6+QK2HLPeEKM2vl7QZ5onQzpAJRb6pnf0DwUFP5R8tdS9R0l8hdUil2gu4Uxd0Yxrop0iT4w==

"@oxfmt/binding-win32-ia32-msvc@0.67.0":
  version "0.67.0"
  resolved "https://registry.yarnpkg.com/@oxfmt/binding-win32-ia32-msvc/-/binding-win32-ia32-msvc-0.67.0.tgz#4c44459e4115258f0d774e22472060a02be148a9"
  integrity sha512-LzmU9MyACPzwNDIK0ItMedHPz735Ug7ELWguxo4/kuy6zWuDoeglOAEFCY8jLg0PzRpFO3hDyLFe2Gu2eFDeGA==

"@oxfmt/binding-win32-x64-msvc@0.67.0":
  version "0.67.0"
  resolved "https://registry.yarnpkg.com/@oxfmt/binding-win32-x64-msvc/-/binding-win32-x64-msvc-0.67.0.tgz#4178c5ca2f0acdf30a4ffaccfb56cac755f1b267"
  integrity sha512-sbQOIDNLUEeVZcAJcSL5VURn7kfjvilPviody4Yl5n8lQCDtUm+C9oHTTwZS/m4d/Z6Vv3jNEiAofH932NPPCg==

"@oxlint/binding-android-arm-eabi@1.82.0":
  version "1.82.0"
  resolved "https://registry.yarnpkg.com/@oxlint/binding-android-arm-eabi/-/binding-android-arm-eabi-1.82.0.tgz#25c27e3bf20c613c011935a7f0e68dab306ee885"
  integrity sha512-a3LB+C5Dsj5b/qtmG/mv5WrzuiXEpg1KF5nXWcEvaoN5TYAqkIvxPOwTPp3Jy/FoGpRo8zsTFhMElMXfeoOEzA==

"@oxlint/binding-android-arm64@1.82.0":
  version "1.82.0"
  resolved "https://registry.yarnpkg.com/@oxlint/binding-android-arm64/-/binding-android-arm64-1.82.0.tgz#85324457efa9c0e59b2945da77c22785af14306f"
  integrity sha512-OBlhRgNqFblGpGenno/aqOfJLOkQ2B8Ig3iDAalfn0H8hJGZKXPeexCRTDm6uwv6YUjSA9Xnwt1y/Bgj5ZH8uw==

"@oxlint/binding-darwin-arm64@1.82.0":
  version "1.82.0"
  resolved "https://registry.yarnpkg.com/@oxlint/binding-darwin-arm64/-/binding-darwin-arm64-1.82.0.tgz#71e3e4ffeee40c9301c5e0cb9e311c4643312543"
  integrity sha512-dsopxqtY5ZdyT9uLHyGt1SyiLop6hi7hWI3PKpePodkRQOkLaCm+OE4fR9CAz9qdfjiFO8531tX/QDyP/psjFg==

"@oxlint/binding-darwin-x64@1.82.0":
  version "1.82.0"
  resolved "https://registry.yarnpkg.com/@oxlint/binding-darwin-x64/-/binding-darwin-x64-1.82.0.tgz#2fe6907076a21726b6c5da6ea884e6fb8e1af6d0"
  integrity sha512-94Lu0SgTClKColU66g1VDuigV3HkcbkJBnTtZjGYfE8UPugaWDgKrm2icjC6HJVUYler2OXaHP/X0TBy8+CowQ==

"@oxlint/binding-freebsd-x64@1.82.0":
  version "1.82.0"
  resolved "https://registry.yarnpkg.com/@oxlint/binding-freebsd-x64/-/binding-freebsd-x64-1.82.0.tgz#c58a5b1e773a3d49d7c7dd790d0d51600a547a88"
  integrity sha512-hne/V06ewhh1i0w8+l7GDNROAGCGPmyFuOwiP7YTRu0JycyStJ4785dmF8xU5p0uUwt2emvIF9vc7Xjis+cJ0g==

"@oxlint/binding-linux-arm-gnueabihf@1.82.0":
  version "1.82.0"
  resolved "https://registry.yarnpkg.com/@oxlint/binding-linux-arm-gnueabihf/-/binding-linux-arm-gnueabihf-1.82.0.tgz#1e71b17c23f382264a35f0e25249d17a540c1112"
  integrity sha512-aWY2xtbZf1LneW9Qsv/n2Sp8gOu74JrlQzEtj4coHX2SHFrCfhmAumaU+sI/A5nr+yoTRTSmI/pL2s6ADlNSkw==

"@oxlint/binding-linux-arm-musleabihf@1.82.0":
  version "1.82.0"
  resolved "https://registry.yarnpkg.com/@oxlint/binding-linux-arm-musleabihf/-/binding-linux-arm-musleabihf-1.82.0.tgz#c296047dedc511ef333f55e06858b0d71123ccde"
  integrity sha512-Fe+TtXCXMh/5f7kWlZ2VAwsMumZWtraFlKVk1NJlL52/beGwfDE7ov+/8gVirHzWokzGu7X65hSPq0ucPDskWQ==

"@oxlint/binding-linux-arm64-gnu@1.82.0":
  version "1.82.0"
  resolved "https://registry.yarnpkg.com/@oxlint/binding-linux-arm64-gnu/-/binding-linux-arm64-gnu-1.82.0.tgz#e82c10c2a03afb3427e1913d792e30e2bfcfe5ff"
  integrity sha512-6azCZ6OJudlvipNttXCCQcyeFfcJ/NvUZdSN1z8elo73kCHtyQC7WTiUcSjWYvJ1jaq9KDUyMAoAS/vNzhBomA==

"@oxlint/binding-linux-arm64-musl@1.82.0":
  version "1.82.0"
  resolved "https://registry.yarnpkg.com/@oxlint/binding-linux-arm64-musl/-/binding-linux-arm64-musl-1.82.0.tgz#91f993479bc8c7e78b14f51cbbb5093e4a4774ff"
  integrity sha512-PLEaSD8IAIIlwW4dwOd9YaxuxeOpwiXL4J24rcnE4iNtyM5j9Q9/3+gti08oXpx0u2ygNjRDx9xjWWpQonuJEw==

"@oxlint/binding-linux-ppc64-gnu@1.82.0":
  version "1.82.0"
  resolved "https://registry.yarnpkg.com/@oxlint/binding-linux-ppc64-gnu/-/binding-linux-ppc64-gnu-1.82.0.tgz#56d529040051fb385701b6417dc399645a62aa43"
  integrity sha512-D94em/BwknNTn4vqxjHh5wb2oL566eFhArabqKIr0cNZMHOJuiraFp1A8tXpH05bbE5tqwEfLXTI0MWEGtn3Dw==

"@oxlint/binding-linux-riscv64-gnu@1.82.0":
  version "1.82.0"
  resolved "https://registry.yarnpkg.com/@oxlint/binding-linux-riscv64-gnu/-/binding-linux-riscv64-gnu-1.82.0.tgz#6e4ed3a91d05ff3ae830818c7b3e5950015835f3"
  integrity sha512-MOprxBaoYU2D4VgxXCl3ghydThWtx7Um1lL51kGYNeQ5Al7WzsH7/tqGdNtbLrIWnjq3bsm13+nz/gRIxjrOXw==

"@oxlint/binding-linux-riscv64-musl@1.82.0":
  version "1.82.0"
  resolved "https://registry.yarnpkg.com/@oxlint/binding-linux-riscv64-musl/-/binding-linux-riscv64-musl-1.82.0.tgz#eb4ccf461b8341ba341c031d6e3dd21df264dd35"
  integrity sha512-5h55QsfJ/luDXZzC20k6SNOY1Az+dCP9WvntKtcUWh2JhckAdwApY2ZusaBTwLENnReXU+A2fJtSrYvZJNKNPg==

"@oxlint/binding-linux-s390x-gnu@1.82.0":
  version "1.82.0"
  resolved "https://registry.yarnpkg.com/@oxlint/binding-linux-s390x-gnu/-/binding-linux-s390x-gnu-1.82.0.tgz#3e8f1b2e8a24aebe5fd67034fa53e43c9c09d4c1"
  integrity sha512-IE8NJNLlHr0CaXyGJPGVn0eTkUyoj1I2UfA8x7I4PSOYKsQ/6btVC7Pywrj5onk0cMH25r6Z38SoN3AvE5Zuog==

"@oxlint/binding-linux-x64-gnu@1.82.0":
  version "1.82.0"
  resolved "https://registry.yarnpkg.com/@oxlint/binding-linux-x64-gnu/-/binding-linux-x64-gnu-1.82.0.tgz#c1d495644513a28e5c527627e6f5a8ab43694b81"
  integrity sha512-XUUUxaBo9XKl+J1B9EmP1cTGQPddzeURvoGkfwh/94PGnbW+hBprDljneoI2M1jzC1bzrIV3ihc7iM9UXl8+tg==

"@oxlint/binding-linux-x64-musl@1.82.0":
  version "1.82.0"
  resolved "https://registry.yarnpkg.com/@oxlint/binding-linux-x64-musl/-/binding-linux-x64-musl-1.82.0.tgz#bbf73a69c005eead6d8b09aa035ec3ecb271983a"
  integrity sha512-SWLSFulX9TDuH6yvbPYp4+VNn6jkkIvvI+KiujDM5rWBRHEfkesCC/pCneIIUr6ovkxZ5fRtpi2v5Cz5FrMJZg==

"@oxlint/binding-openharmony-arm64@1.82.0":
  version "1.82.0"
  resolved "https://registry.yarnpkg.com/@oxlint/binding-openharmony-arm64/-/binding-openharmony-arm64-1.82.0.tgz#05d7b4fe00ee26c0c92ba5c0680163431db42431"
  integrity sha512-BQy35f6ZUdNr9a6c7B7orxQTcLjByGT2z3WAgmRovpRwmPYAaJ+NTplmMzhdjdJ4qSchfMNZy/Ukg+qRg6zseQ==

"@oxlint/binding-win32-arm64-msvc@1.82.0":
  version "1.82.0"
  resolved "https://registry.yarnpkg.com/@oxlint/binding-win32-arm64-msvc/-/binding-win32-arm64-msvc-1.82.0.tgz#6888180ad209d56da4d9e49459ff00ee1e159d5d"
  integrity sha512-V4QhSTg5gctZue8RJjsGi7NpQPThr/p1/HfmiMC5kfe1KFEup9SQRVub4A6kijQjdHfxj7bLL1KO3QO7/5bwMQ==

"@oxlint/binding-win32-ia32-msvc@1.82.0":
  version "1.82.0"
  resolved "https://registry.yarnpkg.com/@oxlint/binding-win32-ia32-msvc/-/binding-win32-ia32-msvc-1.82.0.tgz#f638c533f412a63727501c9af1b1f3b17551a2eb"
  integrity sha512-TUSCLaKB2yktpFAJ/r3HAUYsaV/3DT7JS4iNKyoh3a9YNwD0UG7Ezh4D8m23654vQcU6P/RQrCAjRPKe4peP/A==

"@oxlint/binding-win32-x64-msvc@1.82.0":
  version "1.82.0"
  resolved "https://registry.yarnpkg.com/@oxlint/binding-win32-x64-msvc/-/binding-win32-x64-msvc-1.82.0.tgz#5eeac01f542780b69d6a0d10461cec93e4ae91a0"
  integrity sha512-VTVoRIWJTb+wvUX8EYoPArfFH02whuR10goFXE/LHRRX33ajRrFgqbcONXZMiF4C5rnattfkm87HqYn8jb8hmQ==

oxfmt@^0.67.0:
  version "0.67.0"
  resolved "https://registry.yarnpkg.com/oxfmt/-/oxfmt-0.67.0.tgz#41af045e1d19d07d23fd46da5c8ad161879a32f8"
  integrity sha512-vV7sSiPsaO0mSxdoUdayipVDFPzW/UQ+hrezEHa20+Tx1dnMdZLSRHMT0PdS67FFbhd74M1n08asW21aLGeCrA==
  dependencies:
    tinypool "2.1.2"
  optionalDependencies:
    "@oxfmt/binding-android-arm-eabi" "0.67.0"
    "@oxfmt/binding-android-arm64" "0.67.0"
    "@oxfmt/binding-darwin-arm64" "0.67.0"
    "@oxfmt/binding-darwin-x64" "0.67.0"
    "@oxfmt/binding-freebsd-x64" "0.67.0"
    "@oxfmt/binding-linux-arm-gnueabihf" "0.67.0"
    "@oxfmt/binding-linux-arm-musleabihf" "0.67.0"
    "@oxfmt/binding-linux-arm64-gnu" "0.67.0"
    "@oxfmt/binding-linux-arm64-musl" "0.67.0"
    "@oxfmt/binding-linux-ppc64-gnu" "0.67.0"
    "@oxfmt/binding-linux-riscv64-gnu" "0.67.0"
    "@oxfmt/binding-linux-riscv64-musl" "0.67.0"
    "@oxfmt/binding-linux-s390x-gnu" "0.67.0"
    "@oxfmt/binding-linux-x64-gnu" "0.67.0"
    "@oxfmt/binding-linux-x64-musl" "0.67.0"
    "@oxfmt/binding-openharmony-arm64" "0.67.0"
    "@oxfmt/binding-win32-arm64-msvc" "0.67.0"
    "@oxfmt/binding-win32-ia32-msvc" "0.67.0"
    "@oxfmt/binding-win32-x64-msvc" "0.67.0"

oxlint@^1.82.0:
  version "1.82.0"
  resolved "https://registry.yarnpkg.com/oxlint/-/oxlint-1.82.0.tgz#21c8362538cfffa93c7515174097381918b2d7e0"
  integrity sha512-+iFM1BGw1ntYJt3QngbJmjbrGxPaKMUADOXOijpWGnYcBPq8YZnQftSS1C+pVcDYy9YxqDVJKQqQkTazTQMboQ==
  optionalDependencies:
    "@oxlint/binding-android-arm-eabi" "1.82.0"
    "@oxlint/binding-android-arm64" "1.82.0"
    "@oxlint/binding-darwin-arm64" "1.82.0"
    "@oxlint/binding-darwin-x64" "1.82.0"
    "@oxlint/binding-freebsd-x64" "1.82.0"
    "@oxlint/binding-linux-arm-gnueabihf" "1.82.0"
    "@oxlint/binding-linux-arm-musleabihf" "1.82.0"
    "@oxlint/binding-linux-arm64-gnu" "1.82.0"
    "@oxlint/binding-linux-arm64-musl" "1.82.0"
    "@oxlint/binding-linux-ppc64-gnu" "1.82.0"
    "@oxlint/binding-linux-riscv64-gnu" "1.82.0"
    "@oxlint/binding-linux-riscv64-musl" "1.82.0"
    "@oxlint/binding-linux-s390x-gnu" "1.82.0"
    "@oxlint/binding-linux-x64-gnu" "1.82.0"
    "@oxlint/binding-linux-x64-musl" "1.82.0"
    "@oxlint/binding-openharmony-arm64" "1.82.0"
    "@oxlint/binding-win32-arm64-msvc" "1.82.0"
    "@oxlint/binding-win32-ia32-msvc" "1.82.0"
    "@oxlint/binding-win32-x64-msvc" "1.82.0"

tinypool@2.1.2:
  version "2.1.2"
  resolved "https://registry.yarnpkg.com/tinypool/-/tinypool-2.1.2.tgz#fcb3df44405c2530259e4bef5928a90bf46134dd"
  integrity sha512-9YodfrxS9g9IbFr/KOjE5bAeJ0p61n3bW6mqvy0jtoeKd1kTW1Cxm0oulm6KX2lyM9Gl6WIe8nEbY7LWv5ZJww==
